# Code generated by scarb DO NOT EDIT.
version = 1

[[package]]
name = "alexandria_data_structures"
version = "0.1.0"
source = "git+https://github.com/keep-starknet-strange/alexandria.git?rev=46c8d8ab9e3bfb68b70a29b3246f809cd8bf70e4#46c8d8ab9e3bfb68b70a29b3246f809cd8bf70e4"

[[package]]
name = "alexandria_math"
version = "0.2.0"
source = "git+https://github.com/keep-starknet-strange/alexandria.git?rev=46c8d8ab9e3bfb68b70a29b3246f809cd8bf70e4#46c8d8ab9e3bfb68b70a29b3246f809cd8bf70e4"
dependencies = [
 "alexandria_data_structures",
]

[[package]]
name = "alexandria_sorting"
version = "0.1.0"
source = "git+https://github.com/keep-starknet-strange/alexandria.git?rev=46c8d8ab9e3bfb68b70a29b3246f809cd8bf70e4#46c8d8ab9e3bfb68b70a29b3246f809cd8bf70e4"

[[package]]
name = "alexandria_storage"
version = "0.2.0"
source = "git+https://github.com/keep-starknet-strange/alexandria.git?rev=92c3c1b4ac35a4a56c14abe992814581aee875a8#92c3c1b4ac35a4a56c14abe992814581aee875a8"

[[package]]
name = "cubit"
version = "1.2.0"
source = "git+https://github.com/influenceth/cubit?rev=2ccb2536dffa3f15ebd38b755c1be65fde1eab0c#2ccb2536dffa3f15ebd38b755c1be65fde1eab0c"

[[package]]
name = "mock_pragma"
version = "0.1.0"
dependencies = [
 "pragma",
]

[[package]]
name = "openzeppelin"
version = "0.7.0"
source = "git+https://github.com/OpenZeppelin/cairo-contracts.git?tag=v0.7.0#bb8c56817577b66cea9f18a241fe59726db42dd5"

[[package]]
name = "pragma"
version = "1.0.0"
source = "git+https://github.com/astraly-labs/pragma-oracle?tag=v1.0.5#71e762dcb725b95a4a4966190219bca8380bc823"
dependencies = [
 "alexandria_data_structures",
 "alexandria_math",
 "alexandria_sorting",
 "alexandria_storage",
 "cubit",
 "openzeppelin",
]
