{
  "name": "kakarot-ssj",
  "lockfileVersion": 3,
  "requires": true,
  "packages": {
    "": {
      "name": "kakarot-ssj",
      "dependencies": {
        "@ethereumjs/tx": "^5.0.0",
        "dotenv": "^16.3.1",
        "ethers": "^6.8.1",
        "rlp": "^3.0.0",
        "starknet": "^5.19.5"
      },
      "devDependencies": {
        "bun-types": "latest"
      },
      "peerDependencies": {
        "typescript": "^5.0.0"
      }
    },
    "node_modules/@adraffy/ens-normalize": {
      "version": "1.10.0",
      "resolved": "https://registry.npmjs.org/@adraffy/ens-normalize/-/ens-normalize-1.10.0.tgz",
      "integrity": "sha512-nA9XHtlAkYfJxY7bce8DcN7eKxWWCWkU+1GR9d+U6MbNpfwQp8TI7vqOsBsMcHoT4mBu2kypKoSKnghEzOOq5Q=="
    },
    "node_modules/@ethereumjs/common": {
      "version": "4.1.0",
      "resolved": "https://registry.npmjs.org/@ethereumjs/common/-/common-4.1.0.tgz",
      "integrity": "sha512-XWdQvUjlQHVwh4uGEPFKHpsic69GOsMXEhlHrggS5ju/+2zAmmlz6B25TkCCymeElC9DUp13tH5Tc25Iuvtlcg==",
      "dependencies": {
        "@ethereumjs/util": "^9.0.1",
        "crc": "^4.3.2"
      }
    },
    "node_modules/@ethereumjs/rlp": {
      "version": "5.0.1",
      "resolved": "https://registry.npmjs.org/@ethereumjs/rlp/-/rlp-5.0.1.tgz",
      "integrity": "sha512-Ab/Hfzz+T9Zl+65Nkg+9xAmwKPLicsnQ4NW49pgvJp9ovefuic95cgOS9CbPc9izIEgsqm1UitV0uNveCvud9w==",
      "bin": {
        "rlp": "bin/rlp.cjs"
      },
      "engines": {
        "node": ">=18"
      }
    },
    "node_modules/@ethereumjs/tx": {
      "version": "5.1.0",
      "resolved": "https://registry.npmjs.org/@ethereumjs/tx/-/tx-5.1.0.tgz",
      "integrity": "sha512-VUhw2+4yXArJZRWhPjmZFrN4WUjUo0qUZUszVpW2KzsGlqCFf67kwJcH9Rca5eS0CRHjr2qHJLpvYOjNuaXVdA==",
      "dependencies": {
        "@ethereumjs/common": "^4.1.0",
        "@ethereumjs/rlp": "^5.0.1",
        "@ethereumjs/util": "^9.0.1",
        "ethereum-cryptography": "^2.1.2"
      },
      "engines": {
        "node": ">=18"
      },
      "peerDependencies": {
        "c-kzg": "^2.1.2"
      },
      "peerDependenciesMeta": {
        "c-kzg": {
          "optional": true
        }
      }
    },
    "node_modules/@ethereumjs/util": {
      "version": "9.0.1",
      "resolved": "https://registry.npmjs.org/@ethereumjs/util/-/util-9.0.1.tgz",
      "integrity": "sha512-NdFFEzCc3H1sYkNnnySwLg6owdQMhjUc2jfuDyx8Xv162WSluCnnSKouKOSG3njGNEyy2I9NmF8zTRDwuqpZWA==",
      "dependencies": {
        "@ethereumjs/rlp": "^5.0.1",
        "ethereum-cryptography": "^2.1.2"
      },
      "engines": {
        "node": ">=18"
      },
      "peerDependencies": {
        "c-kzg": "^2.1.2"
      },
      "peerDependenciesMeta": {
        "c-kzg": {
          "optional": true
        }
      }
    },
    "node_modules/@noble/curves": {
      "version": "1.1.0",
      "resolved": "https://registry.npmjs.org/@noble/curves/-/curves-1.1.0.tgz",
      "integrity": "sha512-091oBExgENk/kGj3AZmtBDMpxQPDtxQABR2B9lb1JbVTs6ytdzZNwvhxQ4MWasRNEzlbEH8jCWFCwhF/Obj5AA==",
      "dependencies": {
        "@noble/hashes": "1.3.1"
      },
      "funding": {
        "url": "https://paulmillr.com/funding/"
      }
    },
    "node_modules/@noble/hashes": {
      "version": "1.3.1",
      "resolved": "https://registry.npmjs.org/@noble/hashes/-/hashes-1.3.1.tgz",
      "integrity": "sha512-EbqwksQwz9xDRGfDST86whPBgM65E0OH/pCgqW0GBVzO22bNE+NuIbeTb714+IfSjU3aRk47EUvXIb5bTsenKA==",
      "engines": {
        "node": ">= 16"
      },
      "funding": {
        "url": "https://paulmillr.com/funding/"
      }
    },
    "node_modules/@scure/base": {
      "version": "1.1.3",
      "resolved": "https://registry.npmjs.org/@scure/base/-/base-1.1.3.tgz",
      "integrity": "sha512-/+SgoRjLq7Xlf0CWuLHq2LUZeL/w65kfzAPG5NH9pcmBhs+nunQTn4gvdwgMTIXnt9b2C/1SeL2XiysZEyIC9Q==",
      "funding": {
        "url": "https://paulmillr.com/funding/"
      }
    },
    "node_modules/@scure/bip32": {
      "version": "1.3.1",
      "resolved": "https://registry.npmjs.org/@scure/bip32/-/bip32-1.3.1.tgz",
      "integrity": "sha512-osvveYtyzdEVbt3OfwwXFr4P2iVBL5u1Q3q4ONBfDY/UpOuXmOlbgwc1xECEboY8wIays8Yt6onaWMUdUbfl0A==",
      "dependencies": {
        "@noble/curves": "~1.1.0",
        "@noble/hashes": "~1.3.1",
        "@scure/base": "~1.1.0"
      },
      "funding": {
        "url": "https://paulmillr.com/funding/"
      }
    },
    "node_modules/@scure/bip39": {
      "version": "1.2.1",
      "resolved": "https://registry.npmjs.org/@scure/bip39/-/bip39-1.2.1.tgz",
      "integrity": "sha512-Z3/Fsz1yr904dduJD0NpiyRHhRYHdcnyh73FZWiV+/qhWi83wNJ3NWolYqCEN+ZWsUz2TWwajJggcRE9r1zUYg==",
      "dependencies": {
        "@noble/hashes": "~1.3.0",
        "@scure/base": "~1.1.0"
      },
      "funding": {
        "url": "https://paulmillr.com/funding/"
      }
    },
    "node_modules/@scure/starknet": {
      "version": "0.3.0",
      "resolved": "https://registry.npmjs.org/@scure/starknet/-/starknet-0.3.0.tgz",
      "integrity": "sha512-Ma66yZlwa5z00qI5alSxdWtIpky5LBhy22acVFdoC5kwwbd9uDyMWEYzWHdNyKmQg9t5Y2UOXzINMeb3yez+Gw==",
      "funding": [
        {
          "type": "individual",
          "url": "https://paulmillr.com/funding/"
        }
      ],
      "dependencies": {
        "@noble/curves": "~1.2.0",
        "@noble/hashes": "~1.3.2"
      }
    },
    "node_modules/@scure/starknet/node_modules/@noble/curves": {
      "version": "1.2.0",
      "resolved": "https://registry.npmjs.org/@noble/curves/-/curves-1.2.0.tgz",
      "integrity": "sha512-oYclrNgRaM9SsBUBVbb8M6DTV7ZHRTKugureoYEncY5c65HOmRzvSiTE3y5CYaPYJA/GVkrhXEoF0M3Ya9PMnw==",
      "dependencies": {
        "@noble/hashes": "1.3.2"
      },
      "funding": {
        "url": "https://paulmillr.com/funding/"
      }
    },
    "node_modules/@scure/starknet/node_modules/@noble/hashes": {
      "version": "1.3.2",
      "resolved": "https://registry.npmjs.org/@noble/hashes/-/hashes-1.3.2.tgz",
      "integrity": "sha512-MVC8EAQp7MvEcm30KWENFjgR+Mkmf+D189XJTkFIlwohU5hcBbn1ZkKq7KVTi2Hme3PMGF390DaL52beVrIihQ==",
      "engines": {
        "node": ">= 16"
      },
      "funding": {
        "url": "https://paulmillr.com/funding/"
      }
    },
    "node_modules/@types/node": {
      "version": "18.15.13",
      "resolved": "https://registry.npmjs.org/@types/node/-/node-18.15.13.tgz",
      "integrity": "sha512-N+0kuo9KgrUQ1Sn/ifDXsvg0TTleP7rIy4zOBGECxAljqvqfqpTfzx0Q1NUedOixRMBfe2Whhb056a42cWs26Q=="
    },
    "node_modules/aes-js": {
      "version": "4.0.0-beta.5",
      "resolved": "https://registry.npmjs.org/aes-js/-/aes-js-4.0.0-beta.5.tgz",
      "integrity": "sha512-G965FqalsNyrPqgEGON7nIx1e/OVENSgiEIzyC63haUMuvNnwIgIjMs52hlTCKhkBny7A2ORNlfY9Zu+jmGk1Q=="
    },
    "node_modules/bun-types": {
      "version": "1.0.14",
      "resolved": "https://registry.npmjs.org/bun-types/-/bun-types-1.0.14.tgz",
      "integrity": "sha512-hLVfM2fk8xSJeobfuPGilfvxM5gLtEy1bn7RJhrtw3u4OaC0kieXKYFFTVHU8jZ3hj8YyPLIFClIUodkFSrMBQ==",
      "dev": true
    },
    "node_modules/crc": {
      "version": "4.3.2",
      "resolved": "https://registry.npmjs.org/crc/-/crc-4.3.2.tgz",
      "integrity": "sha512-uGDHf4KLLh2zsHa8D8hIQ1H/HtFQhyHrc0uhHBcoKGol/Xnb+MPYfUMw7cvON6ze/GUESTudKayDcJC5HnJv1A==",
      "engines": {
        "node": ">=12"
      },
      "peerDependencies": {
        "buffer": ">=6.0.3"
      },
      "peerDependenciesMeta": {
        "buffer": {
          "optional": true
        }
      }
    },
    "node_modules/dotenv": {
      "version": "16.3.1",
      "resolved": "https://registry.npmjs.org/dotenv/-/dotenv-16.3.1.tgz",
      "integrity": "sha512-IPzF4w4/Rd94bA9imS68tZBaYyBWSCE47V1RGuMrB94iyTOIEwRmVL2x/4An+6mETpLrKJ5hQkB8W4kFAadeIQ==",
      "engines": {
        "node": ">=12"
      },
      "funding": {
        "url": "https://github.com/motdotla/dotenv?sponsor=1"
      }
    },
    "node_modules/ethereum-cryptography": {
      "version": "2.1.2",
      "resolved": "https://registry.npmjs.org/ethereum-cryptography/-/ethereum-cryptography-2.1.2.tgz",
      "integrity": "sha512-Z5Ba0T0ImZ8fqXrJbpHcbpAvIswRte2wGNR/KePnu8GbbvgJ47lMxT/ZZPG6i9Jaht4azPDop4HaM00J0J59ug==",
      "dependencies": {
        "@noble/curves": "1.1.0",
        "@noble/hashes": "1.3.1",
        "@scure/bip32": "1.3.1",
        "@scure/bip39": "1.2.1"
      }
    },
    "node_modules/ethers": {
      "version": "6.8.1",
      "resolved": "https://registry.npmjs.org/ethers/-/ethers-6.8.1.tgz",
      "integrity": "sha512-iEKm6zox5h1lDn6scuRWdIdFJUCGg3+/aQWu0F4K0GVyEZiktFkqrJbRjTn1FlYEPz7RKA707D6g5Kdk6j7Ljg==",
      "funding": [
        {
          "type": "individual",
          "url": "https://github.com/sponsors/ethers-io/"
        },
        {
          "type": "individual",
          "url": "https://www.buymeacoffee.com/ricmoo"
        }
      ],
      "dependencies": {
        "@adraffy/ens-normalize": "1.10.0",
        "@noble/curves": "1.2.0",
        "@noble/hashes": "1.3.2",
        "@types/node": "18.15.13",
        "aes-js": "4.0.0-beta.5",
        "tslib": "2.4.0",
        "ws": "8.5.0"
      },
      "engines": {
        "node": ">=14.0.0"
      }
    },
    "node_modules/ethers/node_modules/@noble/curves": {
      "version": "1.2.0",
      "resolved": "https://registry.npmjs.org/@noble/curves/-/curves-1.2.0.tgz",
      "integrity": "sha512-oYclrNgRaM9SsBUBVbb8M6DTV7ZHRTKugureoYEncY5c65HOmRzvSiTE3y5CYaPYJA/GVkrhXEoF0M3Ya9PMnw==",
      "dependencies": {
        "@noble/hashes": "1.3.2"
      },
      "funding": {
        "url": "https://paulmillr.com/funding/"
      }
    },
    "node_modules/ethers/node_modules/@noble/hashes": {
      "version": "1.3.2",
      "resolved": "https://registry.npmjs.org/@noble/hashes/-/hashes-1.3.2.tgz",
      "integrity": "sha512-MVC8EAQp7MvEcm30KWENFjgR+Mkmf+D189XJTkFIlwohU5hcBbn1ZkKq7KVTi2Hme3PMGF390DaL52beVrIihQ==",
      "engines": {
        "node": ">= 16"
      },
      "funding": {
        "url": "https://paulmillr.com/funding/"
      }
    },
    "node_modules/isomorphic-fetch": {
      "version": "3.0.0",
      "resolved": "https://registry.npmjs.org/isomorphic-fetch/-/isomorphic-fetch-3.0.0.tgz",
      "integrity": "sha512-qvUtwJ3j6qwsF3jLxkZ72qCgjMysPzDfeV240JHiGZsANBYd+EEuu35v7dfrJ9Up0Ak07D7GGSkGhCHTqg/5wA==",
      "dependencies": {
        "node-fetch": "^2.6.1",
        "whatwg-fetch": "^3.4.1"
      }
    },
    "node_modules/lossless-json": {
      "version": "2.0.11",
      "resolved": "https://registry.npmjs.org/lossless-json/-/lossless-json-2.0.11.tgz",
      "integrity": "sha512-BP0vn+NGYvzDielvBZaFain/wgeJ1hTvURCqtKvhr1SCPePdaaTanmmcplrHfEJSJOUql7hk4FHwToNJjWRY3g=="
    },
    "node_modules/node-fetch": {
      "version": "2.7.0",
      "resolved": "https://registry.npmjs.org/node-fetch/-/node-fetch-2.7.0.tgz",
      "integrity": "sha512-c4FRfUm/dbcWZ7U+1Wq0AwCyFL+3nt2bEw05wfxSz+DWpWsitgmSgYmy2dQdWyKC1694ELPqMs/YzUSNozLt8A==",
      "dependencies": {
        "whatwg-url": "^5.0.0"
      },
      "engines": {
        "node": "4.x || >=6.0.0"
      },
      "peerDependencies": {
        "encoding": "^0.1.0"
      },
      "peerDependenciesMeta": {
        "encoding": {
          "optional": true
        }
      }
    },
    "node_modules/pako": {
      "version": "2.1.0",
      "resolved": "https://registry.npmjs.org/pako/-/pako-2.1.0.tgz",
      "integrity": "sha512-w+eufiZ1WuJYgPXbV/PO3NCMEc3xqylkKHzp8bxp1uW4qaSNQUkwmLLEc3kKsfz8lpV1F8Ht3U1Cm+9Srog2ug=="
    },
    "node_modules/rlp": {
      "version": "3.0.0",
      "resolved": "https://registry.npmjs.org/rlp/-/rlp-3.0.0.tgz",
      "integrity": "sha512-PD6U2PGk6Vq2spfgiWZdomLvRGDreBLxi5jv5M8EpRo3pU6VEm31KO+HFxE18Q3vgqfDrQ9pZA3FP95rkijNKw==",
      "bin": {
        "rlp": "bin/rlp"
      }
    },
    "node_modules/starknet": {
      "version": "5.24.3",
      "resolved": "https://registry.npmjs.org/starknet/-/starknet-5.24.3.tgz",
      "integrity": "sha512-v0TuaNc9iNtHdbIRzX372jfQH1vgx2rwBHQDMqK4DqjJbwFEE5dog8Go6rGiZVW750NqRSWrZ7ahqyRNc3bscg==",
      "dependencies": {
        "@noble/curves": "~1.2.0",
        "@scure/base": "^1.1.3",
        "@scure/starknet": "~0.3.0",
        "isomorphic-fetch": "^3.0.0",
        "lossless-json": "^2.0.8",
        "pako": "^2.0.4",
        "url-join": "^4.0.1"
      }
    },
    "node_modules/starknet/node_modules/@noble/curves": {
      "version": "1.2.0",
      "resolved": "https://registry.npmjs.org/@noble/curves/-/curves-1.2.0.tgz",
      "integrity": "sha512-oYclrNgRaM9SsBUBVbb8M6DTV7ZHRTKugureoYEncY5c65HOmRzvSiTE3y5CYaPYJA/GVkrhXEoF0M3Ya9PMnw==",
      "dependencies": {
        "@noble/hashes": "1.3.2"
      },
      "funding": {
        "url": "https://paulmillr.com/funding/"
      }
    },
    "node_modules/starknet/node_modules/@noble/hashes": {
      "version": "1.3.2",
      "resolved": "https://registry.npmjs.org/@noble/hashes/-/hashes-1.3.2.tgz",
      "integrity": "sha512-MVC8EAQp7MvEcm30KWENFjgR+Mkmf+D189XJTkFIlwohU5hcBbn1ZkKq7KVTi2Hme3PMGF390DaL52beVrIihQ==",
      "engines": {
        "node": ">= 16"
      },
      "funding": {
        "url": "https://paulmillr.com/funding/"
      }
    },
    "node_modules/tr46": {
      "version": "0.0.3",
      "resolved": "https://registry.npmjs.org/tr46/-/tr46-0.0.3.tgz",
      "integrity": "sha512-N3WMsuqV66lT30CrXNbEjx4GEwlow3v6rr4mCcv6prnfwhS01rkgyFdjPNBYd9br7LpXV1+Emh01fHnq2Gdgrw=="
    },
    "node_modules/tslib": {
      "version": "2.4.0",
      "resolved": "https://registry.npmjs.org/tslib/-/tslib-2.4.0.tgz",
      "integrity": "sha512-d6xOpEDfsi2CZVlPQzGeux8XMwLT9hssAsaPYExaQMuYskwb+x1x7J371tWlbBdWHroy99KnVB6qIkUbs5X3UQ=="
    },
    "node_modules/typescript": {
      "version": "5.3.2",
      "resolved": "https://registry.npmjs.org/typescript/-/typescript-5.3.2.tgz",
      "integrity": "sha512-6l+RyNy7oAHDfxC4FzSJcz9vnjTKxrLpDG5M2Vu4SHRVNg6xzqZp6LYSR9zjqQTu8DU/f5xwxUdADOkbrIX2gQ==",
      "peer": true,
      "bin": {
        "tsc": "bin/tsc",
        "tsserver": "bin/tsserver"
      },
      "engines": {
        "node": ">=14.17"
      }
    },
    "node_modules/url-join": {
      "version": "4.0.1",
      "resolved": "https://registry.npmjs.org/url-join/-/url-join-4.0.1.tgz",
      "integrity": "sha512-jk1+QP6ZJqyOiuEI9AEWQfju/nB2Pw466kbA0LEZljHwKeMgd9WrAEgEGxjPDD2+TNbbb37rTyhEfrCXfuKXnA=="
    },
    "node_modules/webidl-conversions": {
      "version": "3.0.1",
      "resolved": "https://registry.npmjs.org/webidl-conversions/-/webidl-conversions-3.0.1.tgz",
      "integrity": "sha512-2JAn3z8AR6rjK8Sm8orRC0h/bcl/DqL7tRPdGZ4I1CjdF+EaMLmYxBHyXuKL849eucPFhvBoxMsflfOb8kxaeQ=="
    },
    "node_modules/whatwg-fetch": {
      "version": "3.6.19",
      "resolved": "https://registry.npmjs.org/whatwg-fetch/-/whatwg-fetch-3.6.19.tgz",
      "integrity": "sha512-d67JP4dHSbm2TrpFj8AbO8DnL1JXL5J9u0Kq2xW6d0TFDbCA3Muhdt8orXC22utleTVj7Prqt82baN6RBvnEgw=="
    },
    "node_modules/whatwg-url": {
      "version": "5.0.0",
      "resolved": "https://registry.npmjs.org/whatwg-url/-/whatwg-url-5.0.0.tgz",
      "integrity": "sha512-saE57nupxk6v3HY35+jzBwYa0rKSy0XR8JSxZPwgLr7ys0IBzhGviA1/TUGJLmSVqs8pb9AnvICXEuOHLprYTw==",
      "dependencies": {
        "tr46": "~0.0.3",
        "webidl-conversions": "^3.0.0"
      }
    },
    "node_modules/ws": {
      "version": "8.5.0",
      "resolved": "https://registry.npmjs.org/ws/-/ws-8.5.0.tgz",
      "integrity": "sha512-BWX0SWVgLPzYwF8lTzEy1egjhS4S4OEAHfsO8o65WOVsrnSRGaSiUaa9e0ggGlkMTtBlmOpEXiie9RUcBO86qg==",
      "engines": {
        "node": ">=10.0.0"
      },
      "peerDependencies": {
        "bufferutil": "^4.0.1",
        "utf-8-validate": "^5.0.2"
      },
      "peerDependenciesMeta": {
        "bufferutil": {
          "optional": true
        },
        "utf-8-validate": {
          "optional": true
        }
      }
    }
  }
}
