# Code generated by scarb DO NOT EDIT.
version = 1

[[package]]
name = "alexandria_data_structures"
version = "0.1.0"
dependencies = [
 "snforge_std",
]

[[package]]
name = "contracts"
version = "0.1.0"
dependencies = [
 "evm",
 "openzeppelin",
 "snforge_std",
 "snforge_utils",
 "utils",
]

[[package]]
name = "evm"
version = "0.1.0"
dependencies = [
 "contracts",
 "garaga",
 "openzeppelin",
 "snforge_std",
 "snforge_utils",
 "utils",
]

[[package]]
name = "garaga"
version = "0.14.0"
source = "git+https://github.com/keep-starknet-strange/garaga.git?branch=g2#7b1b9168347063d26b791c88a30440f9fc723c86"

[[package]]
name = "openzeppelin"
version = "0.1.0"
dependencies = [
 "snforge_std",
]

[[package]]
name = "snforge_scarb_plugin"
version = "0.31.0"
source = "git+https://github.com/foundry-rs/starknet-foundry.git?tag=v0.31.0#249f1e9960b7ee07d80e12b585ac57b644f9e4c0"

[[package]]
name = "snforge_std"
version = "0.31.0"
source = "git+https://github.com/foundry-rs/starknet-foundry.git?tag=v0.31.0#249f1e9960b7ee07d80e12b585ac57b644f9e4c0"
dependencies = [
 "snforge_scarb_plugin",
]

[[package]]
name = "snforge_utils"
version = "0.1.0"
dependencies = [
 "evm",
 "snforge_std",
]

[[package]]
name = "utils"
version = "0.1.0"
dependencies = [
 "alexandria_data_structures",
 "evm",
 "snforge_std",
]
